
Microsoft Visual Studio Solution File, Format Version 11.00
# Visual Studio 2010
Project("{8BC9CEB8-8B4A-11D0-8D11-00A0C91BC942}") = "Robot_v3", "Robot_v3\Robot_v3.vcxproj", "{3AEEC0E0-C7FB-4D73-BD95-934668E343F6}"
	ProjectSection(ProjectDependencies) = postProject
		{2B851821-0E20-48D3-8B61-4834B3B6FDE4} = {2B851821-0E20-48D3-8B61-4834B3B6FDE4}
		{11C9FBC7-2190-47B2-8455-76D94F0B0F64} = {11C9FBC7-2190-47B2-8455-76D94F0B0F64}
		{6AF777ED-3662-4FD9-8BE9-B89C316BB21A} = {6AF777ED-3662-4FD9-8BE9-B89C316BB21A}
	EndProjectSection
EndProject
Project("{8BC9CEB8-8B4A-11D0-8D11-00A0C91BC942}") = "newmat", "newmat\newmat.vcxproj", "{6AF777ED-3662-4FD9-8BE9-B89C316BB21A}"
EndProject
Project("{8BC9CEB8-8B4A-11D0-8D11-00A0C91BC942}") = "roboop", "roboop\roboop.vcxproj", "{11C9FBC7-2190-47B2-8455-76D94F0B0F64}"
EndProject
Project("{8BC9CEB8-8B4A-11D0-8D11-00A0C91BC942}") = "NTURlib", "NTURlib\NTURlib.vcxproj", "{07F94B48-AAA0-43C2-879F-65E33ABB3572}"
EndProject
Project("{8BC9CEB8-8B4A-11D0-8D11-00A0C91BC942}") = "NTUSensors", "NTUSensors\NTUSensors.vcxproj", "{2B851821-0E20-48D3-8B61-4834B3B6FDE4}"
EndProject
Global
	GlobalSection(SolutionConfigurationPlatforms) = preSolution
		Debug|Win32 = Debug|Win32
		Release|Win32 = Release|Win32
	EndGlobalSection
	GlobalSection(ProjectConfigurationPlatforms) = postSolution
		{3AEEC0E0-C7FB-4D73-BD95-934668E343F6}.Debug|Win32.ActiveCfg = Debug|Win32
		{3AEEC0E0-C7FB-4D73-BD95-934668E343F6}.Debug|Win32.Build.0 = Debug|Win32
		{3AEEC0E0-C7FB-4D73-BD95-934668E343F6}.Release|Win32.ActiveCfg = Release|Win32
		{3AEEC0E0-C7FB-4D73-BD95-934668E343F6}.Release|Win32.Build.0 = Release|Win32
		{6AF777ED-3662-4FD9-8BE9-B89C316BB21A}.Debug|Win32.ActiveCfg = Debug|Win32
		{6AF777ED-3662-4FD9-8BE9-B89C316BB21A}.Debug|Win32.Build.0 = Debug|Win32
		{6AF777ED-3662-4FD9-8BE9-B89C316BB21A}.Release|Win32.ActiveCfg = Release|Win32
		{6AF777ED-3662-4FD9-8BE9-B89C316BB21A}.Release|Win32.Build.0 = Release|Win32
		{11C9FBC7-2190-47B2-8455-76D94F0B0F64}.Debug|Win32.ActiveCfg = Debug|Win32
		{11C9FBC7-2190-47B2-8455-76D94F0B0F64}.Debug|Win32.Build.0 = Debug|Win32
		{11C9FBC7-2190-47B2-8455-76D94F0B0F64}.Release|Win32.ActiveCfg = Release|Win32
		{11C9FBC7-2190-47B2-8455-76D94F0B0F64}.Release|Win32.Build.0 = Release|Win32
		{07F94B48-AAA0-43C2-879F-65E33ABB3572}.Debug|Win32.ActiveCfg = Debug|Win32
		{07F94B48-AAA0-43C2-879F-65E33ABB3572}.Debug|Win32.Build.0 = Debug|Win32
		{07F94B48-AAA0-43C2-879F-65E33ABB3572}.Release|Win32.ActiveCfg = Release|Win32
		{07F94B48-AAA0-43C2-879F-65E33ABB3572}.Release|Win32.Build.0 = Release|Win32
		{2B851821-0E20-48D3-8B61-4834B3B6FDE4}.Debug|Win32.ActiveCfg = Debug|Win32
		{2B851821-0E20-48D3-8B61-4834B3B6FDE4}.Debug|Win32.Build.0 = Debug|Win32
		{2B851821-0E20-48D3-8B61-4834B3B6FDE4}.Release|Win32.ActiveCfg = Release|Win32
		{2B851821-0E20-48D3-8B61-4834B3B6FDE4}.Release|Win32.Build.0 = Release|Win32
	EndGlobalSection
	GlobalSection(SolutionProperties) = preSolution
		HideSolutionNode = FALSE
	EndGlobalSection
EndGlobal
