<?xml version="1.0" encoding="utf-8"?>
<Project ToolsVersion="4.0" xmlns="http://schemas.microsoft.com/developer/msbuild/2003">
  <ItemGroup>
    <Filter Include="Source Files">
      <UniqueIdentifier>{4FC737F1-C7A5-4376-A066-2A32D752A2FF}</UniqueIdentifier>
      <Extensions>cpp;c;cc;cxx;def;odl;idl;hpj;bat;asm;asmx</Extensions>
    </Filter>
    <Filter Include="Header Files">
      <UniqueIdentifier>{93995380-89BD-4b04-88EB-625FBE52EBFB}</UniqueIdentifier>
      <Extensions>h;hpp;hxx;hm;inl;inc;xsd</Extensions>
    </Filter>
    <Filter Include="Resource Files">
      <UniqueIdentifier>{67DA6AB6-F800-4c08-8B7A-83BB121AAD01}</UniqueIdentifier>
      <Extensions>rc;ico;cur;bmp;dlg;rc2;rct;bin;rgs;gif;jpg;jpeg;jpe;resx;tiff;tif;png;wav;mfcribbon-ms</Extensions>
    </Filter>
    <Filter Include="Source Files\OpenGL">
      <UniqueIdentifier>{786efe14-6b65-45bb-9703-2699f9e5dfc6}</UniqueIdentifier>
    </Filter>
    <Filter Include="Source Files\OtherGUI">
      <UniqueIdentifier>{818e19dc-44b6-4252-b90c-015b96b67618}</UniqueIdentifier>
    </Filter>
    <Filter Include="OtherGUI">
      <UniqueIdentifier>{6cf76bd3-0cef-4ba5-84a4-c4efd4302046}</UniqueIdentifier>
    </Filter>
  </ItemGroup>
  <ItemGroup>
    <None Include="ReadMe.txt" />
    <None Include="res\Robot_v3.rc2">
      <Filter>Resource Files</Filter>
    </None>
    <None Include="res\Robot_v3.ico">
      <Filter>Resource Files</Filter>
    </None>
  </ItemGroup>
  <ItemGroup>
    <ClInclude Include="Robot_v3.h">
      <Filter>Header Files</Filter>
    </ClInclude>
    <ClInclude Include="Robot_v3Dlg.h">
      <Filter>Header Files</Filter>
    </ClInclude>
    <ClInclude Include="stdafx.h">
      <Filter>Header Files</Filter>
    </ClInclude>
    <ClInclude Include="targetver.h">
      <Filter>Header Files</Filter>
    </ClInclude>
    <ClInclude Include="Resource.h">
      <Filter>Header Files</Filter>
    </ClInclude>
    <ClInclude Include="global_value.h">
      <Filter>Header Files</Filter>
    </ClInclude>
    <ClInclude Include="OpenGLControl.h">
      <Filter>Source Files\OpenGL</Filter>
    </ClInclude>
    <ClInclude Include="ProjectPlay.h">
      <Filter>Header Files</Filter>
    </ClInclude>
    <ClInclude Include="AtomJointCtL.h">
      <Filter>OtherGUI</Filter>
    </ClInclude>
    <ClInclude Include="AtomControl.h">
      <Filter>OtherGUI</Filter>
    </ClInclude>
    <ClInclude Include="ATomTrajForm.h">
      <Filter>OtherGUI</Filter>
    </ClInclude>
    <ClInclude Include="GripperControl.h">
      <Filter>OtherGUI</Filter>
    </ClInclude>
  </ItemGroup>
  <ItemGroup>
    <ClCompile Include="Robot_v3.cpp">
      <Filter>Source Files</Filter>
    </ClCompile>
    <ClCompile Include="Robot_v3Dlg.cpp">
      <Filter>Source Files</Filter>
    </ClCompile>
    <ClCompile Include="stdafx.cpp">
      <Filter>Source Files</Filter>
    </ClCompile>
    <ClCompile Include="OpenGLControl.cpp">
      <Filter>Source Files\OpenGL</Filter>
    </ClCompile>
    <ClCompile Include="ProjectPlay.cpp">
      <Filter>Source Files</Filter>
    </ClCompile>
    <ClCompile Include="AtomJointCtL.cpp">
      <Filter>Source Files\OtherGUI</Filter>
    </ClCompile>
    <ClCompile Include="global_value.cpp">
      <Filter>Source Files</Filter>
    </ClCompile>
    <ClCompile Include="AtomControl.cpp">
      <Filter>Source Files\OtherGUI</Filter>
    </ClCompile>
    <ClCompile Include="ATomTrajForm.cpp">
      <Filter>Source Files\OtherGUI</Filter>
    </ClCompile>
    <ClCompile Include="GripperControl.cpp">
      <Filter>Source Files\OtherGUI</Filter>
    </ClCompile>
  </ItemGroup>
  <ItemGroup>
    <ResourceCompile Include="Robot_v3.rc">
      <Filter>Resource Files</Filter>
    </ResourceCompile>
  </ItemGroup>
</Project>